
Microsoft Visual Studio Solution File, Format Version 12.00
# Visual Studio Version 17
VisualStudioVersion = 17.14.36414.22 d17.14
MinimumVisualStudioVersion = 10.0.40219.1
Project("{FAE04EC0-301F-11D3-BF4B-00C04F79EFBC}") = "WebAppSistemaMedico", "WebAppSistemaMedico.csproj", "{AFBC4F22-94DF-4A39-A58F-161764B4F1D0}"
EndProject
Global
	GlobalSection(SolutionConfigurationPlatforms) = preSolution
		Debug|Any CPU = Debug|Any CPU
		Release|Any CPU = Release|Any CPU
	EndGlobalSection
	GlobalSection(ProjectConfigurationPlatforms) = postSolution
		{AFBC4F22-94DF-4A39-A58F-161764B4F1D0}.Debug|Any CPU.ActiveCfg = Debug|Any CPU
		{AFBC4F22-94DF-4A39-A58F-161764B4F1D0}.Debug|Any CPU.Build.0 = Debug|Any CPU
		{AFBC4F22-94DF-4A39-A58F-161764B4F1D0}.Release|Any CPU.ActiveCfg = Release|Any CPU
		{AFBC4F22-94DF-4A39-A58F-161764B4F1D0}.Release|Any CPU.Build.0 = Release|Any CPU
	EndGlobalSection
	GlobalSection(SolutionProperties) = preSolution
		HideSolutionNode = FALSE
	EndGlobalSection
	GlobalSection(ExtensibilityGlobals) = postSolution
		SolutionGuid = {46E51FE4-8D59-4929-871C-6F0EA7CC8426}
	EndGlobalSection
EndGlobal
